// !$*UTF8*$!
{
	archiveVersion = 1;
	classes = {
	};
	objectVersion = 46;
	objects = {

/* Begin PBXBuildFile section */
		85104FDB1B43957300F2850F /* main.m in Sources */ = {isa = PBXBuildFile; fileRef = 85104FDA1B43957300F2850F /* main.m */; };
		85104FDE1B43957300F2850F /* AppDelegate.m in Sources */ = {isa = PBXBuildFile; fileRef = 85104FDD1B43957300F2850F /* AppDelegate.m */; };
		85104FE11B43957300F2850F /* ViewController.m in Sources */ = {isa = PBXBuildFile; fileRef = 85104FE01B43957300F2850F /* ViewController.m */; };
		85104FE41B43957300F2850F /* Main.storyboard in Resources */ = {isa = PBXBuildFile; fileRef = 85104FE21B43957300F2850F /* Main.storyboard */; };
		85104FE61B43957300F2850F /* Images.xcassets in Resources */ = {isa = PBXBuildFile; fileRef = 85104FE51B43957300F2850F /* Images.xcassets */; };
		85104FE91B43957300F2850F /* LaunchScreen.xib in Resources */ = {isa = PBXBuildFile; fileRef = 85104FE71B43957300F2850F /* LaunchScreen.xib */; };
		85104FF51B43957400F2850F /* git__Tests.m in Sources */ = {isa = PBXBuildFile; fileRef = 85104FF41B43957400F2850F /* git__Tests.m */; };
/* End PBXBuildFile section */

/* Begin PBXContainerItemProxy section */
		85104FEF1B43957400F2850F /* PBXContainerItemProxy */ = {
			isa = PBXContainerItemProxy;
			containerPortal = 85104FCD1B43957300F2850F /* Project object */;
			proxyType = 1;
			remoteGlobalIDString = 85104FD41B43957300F2850F;
			remoteInfo = "git测试";
		};
/* End PBXContainerItemProxy section */

/* Begin PBXFileReference section */
		85104FD51B43957300F2850F /* git测试.app */ = {isa = PBXFileReference; explicitFileType = wrapper.application; includeInIndex = 0; path = "git测试.app"; sourceTree = BUILT_PRODUCTS_DIR; };
		85104FD91B43957300F2850F /* Info.plist */ = {isa = PBXFileReference; lastKnownFileType = text.plist.xml; path = Info.plist; sourceTree = "<group>"; };
		85104FDA1B43957300F2850F /* main.m */ = {isa = PBXFileReference; lastKnownFileType = sourcecode.c.objc; path = main.m; sourceTree = "<group>"; };
		85104FDC1B43957300F2850F /* AppDelegate.h */ = {isa = PBXFileReference; lastKnownFileType = sourcecode.c.h; path = AppDelegate.h; sourceTree = "<group>"; };
		85104FDD1B43957300F2850F /* AppDelegate.m */ = {isa = PBXFileReference; lastKnownFileType = sourcecode.c.objc; path = AppDelegate.m; sourceTree = "<group>"; };
		85104FDF1B43957300F2850F /* ViewController.h */ = {isa = PBXFileReference; lastKnownFileType = sourcecode.c.h; path = ViewController.h; sourceTree = "<group>"; };
		85104FE01B43957300F2850F /* ViewController.m */ = {isa = PBXFileReference; lastKnownFileType = sourcecode.c.objc; path = ViewController.m; sourceTree = "<group>"; };
		85104FE31B43957300F2850F /* Base */ = {isa = PBXFileReference; lastKnownFileType = file.storyboard; name = Base; path = Base.lproj/Main.storyboard; sourceTree = "<group>"; };
		85104FE51B43957300F2850F /* Images.xcassets */ = {isa = PBXFileReference; lastKnownFileType = folder.assetcatalog; path = Images.xcassets; sourceTree = "<group>"; };
		85104FE81B43957300F2850F /* Base */ = {isa = PBXFileReference; lastKnownFileType = file.xib; name = Base; path = Base.lproj/LaunchScreen.xib; sourceTree = "<group>"; };
		85104FEE1B43957400F2850F /* git测试Tests.xctest */ = {isa = PBXFileReference; explicitFileType = wrapper.cfbundle; includeInIndex = 0; path = "git测试Tests.xctest"; sourceTree = BUILT_PRODUCTS_DIR; };
		85104FF31B43957400F2850F /* Info.plist */ = {isa = PBXFileReference; lastKnownFileType = text.plist.xml; path = Info.plist; sourceTree = "<group>"; };
		85104FF41B43957400F2850F /* git__Tests.m */ = {isa = PBXFileReference; lastKnownFileType = sourcecode.c.objc; path = git__Tests.m; sourceTree = "<group>"; };
/* End PBXFileReference section */

/* Begin PBXFrameworksBuildPhase section */
		85104FD21B43957300F2850F /* Frameworks */ = {
			isa = PBXFrameworksBuildPhase;
			buildActionMask = 2147483647;
			files = (
			);
			runOnlyForDeploymentPostprocessing = 0;
		};
		85104FEB1B43957400F2850F /* Frameworks */ = {
			isa = PBXFrameworksBuildPhase;
			buildActionMask = 2147483647;
			files = (
			);
			runOnlyForDeploymentPostprocessing = 0;
		};
/* End PBXFrameworksBuildPhase section */

/* Begin PBXGroup section */
		85104FCC1B43957300F2850F = {
			isa = PBXGroup;
			children = (
				85104FD71B43957300F2850F /* git测试 */,
				85104FF11B43957400F2850F /* git测试Tests */,
				85104FD61B43957300F2850F /* Products */,
			);
			sourceTree = "<group>";
		};
		85104FD61B43957300F2850F /* Products */ = {
			isa = PBXGroup;
			children = (
				85104FD51B43957300F2850F /* git测试.app */,
				85104FEE1B43957400F2850F /* git测试Tests.xctest */,
			);
			name = Products;
			sourceTree = "<group>";
		};
		85104FD71B43957300F2850F /* git测试 */ = {
			isa = PBXGroup;
			children = (
				85104FDC1B43957300F2850F /* AppDelegate.h */,
				85104FDD1B43957300F2850F /* AppDelegate.m */,
				85104FDF1B43957300F2850F /* ViewController.h */,
				85104FE01B43957300F2850F /* ViewController.m */,
				85104FE21B43957300F2850F /* Main.storyboard */,
				85104FE51B43957300F2850F /* Images.xcassets */,
				85104FE71B43957300F2850F /* LaunchScreen.xib */,
				85104FD81B43957300F2850F /* Supporting Files */,
			);
			path = "git测试";
			sourceTree = "<group>";
		};
		85104FD81B43957300F2850F /* Supporting Files */ = {
			isa = PBXGroup;
			children = (
				85104FD91B43957300F2850F /* Info.plist */,
				85104FDA1B43957300F2850F /* main.m */,
			);
			name = "Supporting Files";
			sourceTree = "<group>";
		};
		85104FF11B43957400F2850F /* git测试Tests */ = {
			isa = PBXGroup;
			children = (
				85104FF41B43957400F2850F /* git__Tests.m */,
				85104FF21B43957400F2850F /* Supporting Files */,
			);
			path = "git测试Tests";
			sourceTree = "<group>";
		};
		85104FF21B43957400F2850F /* Supporting Files */ = {
			isa = PBXGroup;
			children = (
				85104FF31B43957400F2850F /* Info.plist */,
			);
			name = "Supporting Files";
			sourceTree = "<group>";
		};
/* End PBXGroup section */

/* Begin PBXNativeTarget section */
		85104FD41B43957300F2850F /* git测试 */ = {
			isa = PBXNativeTarget;
			buildConfigurationList = 85104FF81B43957400F2850F /* Build configuration list for PBXNativeTarget "git测试" */;
			buildPhases = (
				85104FD11B43957300F2850F /* Sources */,
				85104FD21B43957300F2850F /* Frameworks */,
				85104FD31B43957300F2850F /* Resources */,
			);
			buildRules = (
			);
			dependencies = (
			);
			name = "git测试";
			productName = "git测试";
			productReference = 85104FD51B43957300F2850F /* git测试.app */;
			productType = "com.apple.product-type.application";
		};
		85104FED1B43957400F2850F /* git测试Tests */ = {
			isa = PBXNativeTarget;
			buildConfigurationList = 85104FFB1B43957400F2850F /* Build configuration list for PBXNativeTarget "git测试Tests" */;
			buildPhases = (
				85104FEA1B43957400F2850F /* Sources */,
				85104FEB1B43957400F2850F /* Frameworks */,
				85104FEC1B43957400F2850F /* Resources */,
			);
			buildRules = (
			);
			dependencies = (
				85104FF01B43957400F2850F /* PBXTargetDependency */,
			);
			name = "git测试Tests";
			productName = "git测试Tests";
			productReference = 85104FEE1B43957400F2850F /* git测试Tests.xctest */;
			productType = "com.apple.product-type.bundle.unit-test";
		};
/* End PBXNativeTarget section */

/* Begin PBXProject section */
		85104FCD1B43957300F2850F /* Project object */ = {
			isa = PBXProject;
			attributes = {
				LastUpgradeCheck = 0610;
				ORGANIZATIONNAME = Tarena;
				TargetAttributes = {
					85104FD41B43957300F2850F = {
						CreatedOnToolsVersion = 6.1;
					};
					85104FED1B43957400F2850F = {
						CreatedOnToolsVersion = 6.1;
						TestTargetID = 85104FD41B43957300F2850F;
					};
				};
			};
			buildConfigurationList = 85104FD01B43957300F2850F /* Build configuration list for PBXProject "git测试" */;
			compatibilityVersion = "Xcode 3.2";
			developmentRegion = English;
			hasScannedForEncodings = 0;
			knownRegions = (
				en,
				Base,
			);
			mainGroup = 85104FCC1B43957300F2850F;
			productRefGroup = 85104FD61B43957300F2850F /* Products */;
			projectDirPath = "";
			projectRoot = "";
			targets = (
				85104FD41B43957300F2850F /* git测试 */,
				85104FED1B43957400F2850F /* git测试Tests */,
			);
		};
/* End PBXProject section */

/* Begin PBXResourcesBuildPhase section */
		85104FD31B43957300F2850F /* Resources */ = {
			isa = PBXResourcesBuildPhase;
			buildActionMask = 2147483647;
			files = (
				85104FE41B43957300F2850F /* Main.storyboard in Resources */,
				85104FE91B43957300F2850F /* LaunchScreen.xib in Resources */,
				85104FE61B43957300F2850F /* Images.xcassets in Resources */,
			);
			runOnlyForDeploymentPostprocessing = 0;
		};
		85104FEC1B43957400F2850F /* Resources */ = {
			isa = PBXResourcesBuildPhase;
			buildActionMask = 2147483647;
			files = (
			);
			runOnlyForDeploymentPostprocessing = 0;
		};
/* End PBXResourcesBuildPhase section */

/* Begin PBXSourcesBuildPhase section */
		85104FD11B43957300F2850F /* Sources */ = {
			isa = PBXSourcesBuildPhase;
			buildActionMask = 2147483647;
			files = (
				85104FE11B43957300F2850F /* ViewController.m in Sources */,
				85104FDE1B43957300F2850F /* AppDelegate.m in Sources */,
				85104FDB1B43957300F2850F /* main.m in Sources */,
			);
			runOnlyForDeploymentPostprocessing = 0;
		};
		85104FEA1B43957400F2850F /* Sources */ = {
			isa = PBXSourcesBuildPhase;
			buildActionMask = 2147483647;
			files = (
				85104FF51B43957400F2850F /* git__Tests.m in Sources */,
			);
			runOnlyForDeploymentPostprocessing = 0;
		};
/* End PBXSourcesBuildPhase section */

/* Begin PBXTargetDependency section */
		85104FF01B43957400F2850F /* PBXTargetDependency */ = {
			isa = PBXTargetDependency;
			target = 85104FD41B43957300F2850F /* git测试 */;
			targetProxy = 85104FEF1B43957400F2850F /* PBXContainerItemProxy */;
		};
/* End PBXTargetDependency section */

/* Begin PBXVariantGroup section */
		85104FE21B43957300F2850F /* Main.storyboard */ = {
			isa = PBXVariantGroup;
			children = (
				85104FE31B43957300F2850F /* Base */,
			);
			name = Main.storyboard;
			sourceTree = "<group>";
		};
		85104FE71B43957300F2850F /* LaunchScreen.xib */ = {
			isa = PBXVariantGroup;
			children = (
				85104FE81B43957300F2850F /* Base */,
			);
			name = LaunchScreen.xib;
			sourceTree = "<group>";
		};
/* End PBXVariantGroup section */

/* Begin XCBuildConfiguration section */
		85104FF61B43957400F2850F /* Debug */ = {
			isa = XCBuildConfiguration;
			buildSettings = {
				ALWAYS_SEARCH_USER_PATHS = NO;
				CLANG_CXX_LANGUAGE_STANDARD = "gnu++0x";
				CLANG_CXX_LIBRARY = "libc++";
				CLANG_ENABLE_MODULES = YES;
				CLANG_ENABLE_OBJC_ARC = YES;
				CLANG_WARN_BOOL_CONVERSION = YES;
				CLANG_WARN_CONSTANT_CONVERSION = YES;
				CLANG_WARN_DIRECT_OBJC_ISA_USAGE = YES_ERROR;
				CLANG_WARN_EMPTY_BODY = YES;
				CLANG_WARN_ENUM_CONVERSION = YES;
				CLANG_WARN_INT_CONVERSION = YES;
				CLANG_WARN_OBJC_ROOT_CLASS = YES_ERROR;
				CLANG_WARN_UNREACHABLE_CODE = YES;
				CLANG_WARN__DUPLICATE_METHOD_MATCH = YES;
				"CODE_SIGN_IDENTITY[sdk=iphoneos*]" = "iPhone Developer";
				COPY_PHASE_STRIP = NO;
				ENABLE_STRICT_OBJC_MSGSEND = YES;
				GCC_C_LANGUAGE_STANDARD = gnu99;
				GCC_DYNAMIC_NO_PIC = NO;
				GCC_OPTIMIZATION_LEVEL = 0;
				GCC_PREPROCESSOR_DEFINITIONS = (
					"DEBUG=1",
					"$(inherited)",
				);
				GCC_SYMBOLS_PRIVATE_EXTERN = NO;
				GCC_WARN_64_TO_32_BIT_CONVERSION = YES;
				GCC_WARN_ABOUT_RETURN_TYPE = YES_ERROR;
				GCC_WARN_UNDECLARED_SELECTOR = YES;
				GCC_WARN_UNINITIALIZED_AUTOS = YES_AGGRESSIVE;
				GCC_WARN_UNUSED_FUNCTION = YES;
				GCC_WARN_UNUSED_VARIABLE = YES;
				IPHONEOS_DEPLOYMENT_TARGET = 8.1;
				MTL_ENABLE_DEBUG_INFO = YES;
				ONLY_ACTIVE_ARCH = YES;
				SDKROOT = iphoneos;
			};
			name = Debug;
		};
		85104FF71B43957400F2850F /* Release */ = {
			isa = XCBuildConfiguration;
			buildSettings = {
				ALWAYS_SEARCH_USER_PATHS = NO;
				CLANG_CXX_LANGUAGE_STANDARD = "gnu++0x";
				CLANG_CXX_LIBRARY = "libc++";
				CLANG_ENABLE_MODULES = YES;
				CLANG_ENABLE_OBJC_ARC = YES;
				CLANG_WARN_BOOL_CONVERSION = YES;
				CLANG_WARN_CONSTANT_CONVERSION = YES;
				CLANG_WARN_DIRECT_OBJC_ISA_USAGE = YES_ERROR;
				CLANG_WARN_EMPTY_BODY = YES;
				CLANG_WARN_ENUM_CONVERSION = YES;
				CLANG_WARN_INT_CONVERSION = YES;
				CLANG_WARN_OBJC_ROOT_CLASS = YES_ERROR;
				CLANG_WARN_UNREACHABLE_CODE = YES;
				CLANG_WARN__DUPLICATE_METHOD_MATCH = YES;
				"CODE_SIGN_IDENTITY[sdk=iphoneos*]" = "iPhone Developer";
				COPY_PHASE_STRIP = YES;
				ENABLE_NS_ASSERTIONS = NO;
				ENABLE_STRICT_OBJC_MSGSEND = YES;
				GCC_C_LANGUAGE_STANDARD = gnu99;
				GCC_WARN_64_TO_32_BIT_CONVERSION = YES;
				GCC_WARN_ABOUT_RETURN_TYPE = YES_ERROR;
				GCC_WARN_UNDECLARED_SELECTOR = YES;
				GCC_WARN_UNINITIALIZED_AUTOS = YES_AGGRESSIVE;
				GCC_WARN_UNUSED_FUNCTION = YES;
				GCC_WARN_UNUSED_VARIABLE = YES;
				IPHONEOS_DEPLOYMENT_TARGET = 8.1;
				MTL_ENABLE_DEBUG_INFO = NO;
				SDKROOT = iphoneos;
				VALIDATE_PRODUCT = YES;
			};
			name = Release;
		};
		85104FF91B43957400F2850F /* Debug */ = {
			isa = XCBuildConfiguration;
			buildSettings = {
				ASSETCATALOG_COMPILER_APPICON_NAME = AppIcon;
				INFOPLIST_FILE = "git测试/Info.plist";
				LD_RUNPATH_SEARCH_PATHS = "$(inherited) @executable_path/Frameworks";
				PRODUCT_NAME = "$(TARGET_NAME)";
			};
			name = Debug;
		};
		85104FFA1B43957400F2850F /* Release */ = {
			isa = XCBuildConfiguration;
			buildSettings = {
				ASSETCATALOG_COMPILER_APPICON_NAME = AppIcon;
				INFOPLIST_FILE = "git测试/Info.plist";
				LD_RUNPATH_SEARCH_PATHS = "$(inherited) @executable_path/Frameworks";
				PRODUCT_NAME = "$(TARGET_NAME)";
			};
			name = Release;
		};
		85104FFC1B43957400F2850F /* Debug */ = {
			isa = XCBuildConfiguration;
			buildSettings = {
				BUNDLE_LOADER = "$(TEST_HOST)";
				FRAMEWORK_SEARCH_PATHS = (
					"$(SDKROOT)/Developer/Library/Frameworks",
					"$(inherited)",
				);
				GCC_PREPROCESSOR_DEFINITIONS = (
					"DEBUG=1",
					"$(inherited)",
				);
				INFOPLIST_FILE = "git测试Tests/Info.plist";
				LD_RUNPATH_SEARCH_PATHS = "$(inherited) @executable_path/Frameworks @loader_path/Frameworks";
				PRODUCT_NAME = "$(TARGET_NAME)";
				TEST_HOST = "$(BUILT_PRODUCTS_DIR)/git测试.app/git测试";
			};
			name = Debug;
		};
		85104FFD1B43957400F2850F /* Release */ = {
			isa = XCBuildConfiguration;
			buildSettings = {
				BUNDLE_LOADER = "$(TEST_HOST)";
				FRAMEWORK_SEARCH_PATHS = (
					"$(SDKROOT)/Developer/Library/Frameworks",
					"$(inherited)",
				);
				INFOPLIST_FILE = "git测试Tests/Info.plist";
				LD_RUNPATH_SEARCH_PATHS = "$(inherited) @executable_path/Frameworks @loader_path/Frameworks";
				PRODUCT_NAME = "$(TARGET_NAME)";
				TEST_HOST = "$(BUILT_PRODUCTS_DIR)/git测试.app/git测试";
			};
			name = Release;
		};
/* End XCBuildConfiguration section */

/* Begin XCConfigurationList section */
		85104FD01B43957300F2850F /* Build configuration list for PBXProject "git测试" */ = {
			isa = XCConfigurationList;
			buildConfigurations = (
				85104FF61B43957400F2850F /* Debug */,
				85104FF71B43957400F2850F /* Release */,
			);
			defaultConfigurationIsVisible = 0;
			defaultConfigurationName = Release;
		};
		85104FF81B43957400F2850F /* Build configuration list for PBXNativeTarget "git测试" */ = {
			isa = XCConfigurationList;
			buildConfigurations = (
				85104FF91B43957400F2850F /* Debug */,
				85104FFA1B43957400F2850F /* Release */,
			);
			defaultConfigurationIsVisible = 0;
		};
		85104FFB1B43957400F2850F /* Build configuration list for PBXNativeTarget "git测试Tests" */ = {
			isa = XCConfigurationList;
			buildConfigurations = (
				85104FFC1B43957400F2850F /* Debug */,
				85104FFD1B43957400F2850F /* Release */,
			);
			defaultConfigurationIsVisible = 0;
		};
/* End XCConfigurationList section */
	};
	rootObject = 85104FCD1B43957300F2850F /* Project object */;
}
